#MicroXplorer Configuration settings - do not modify
ADC1.Channel-2\#ChannelRegularConversion=ADC_CHANNEL_10
ADC1.IPParameters=Rank-2\#ChannelRegularConversion,Channel-2\#ChannelRegularConversion,SamplingTime-2\#ChannelRegularConversion,NbrOfConversionFlag,master
ADC1.NbrOfConversionFlag=1
ADC1.Rank-2\#ChannelRegularConversion=1
ADC1.SamplingTime-2\#ChannelRegularConversion=ADC_SAMPLETIME_7CYCLES_5
ADC1.master=1
Dma.Request0=SPI2_RX
Dma.RequestsNb=1
Dma.SPI2_RX.0.Direction=DMA_PERIPH_TO_MEMORY
Dma.SPI2_RX.0.Instance=DMA1_Channel4
Dma.SPI2_RX.0.MemDataAlignment=DMA_MDATAALIGN_HALFWORD
Dma.SPI2_RX.0.MemInc=DMA_MINC_ENABLE
Dma.SPI2_RX.0.Mode=DMA_CIRCULAR
Dma.SPI2_RX.0.PeriphDataAlignment=DMA_PDATAALIGN_HALFWORD
Dma.SPI2_RX.0.PeriphInc=DMA_PINC_DISABLE
Dma.SPI2_RX.0.Priority=DMA_PRIORITY_LOW
Dma.SPI2_RX.0.RequestParameters=Instance,Direction,PeriphInc,MemInc,PeriphDataAlignment,MemDataAlignment,Mode,Priority
FATFS.IPParameters=_CODE_PAGE,_USE_LFN
FATFS._CODE_PAGE=437
FATFS._USE_LFN=2
FREERTOS.FootprintOK=true
FREERTOS.IPParameters=Tasks01,FootprintOK,configTOTAL_HEAP_SIZE,configGENERATE_RUN_TIME_STATS,configUSE_TRACE_FACILITY,configUSE_STATS_FORMATTING_FUNCTIONS,configUSE_RECURSIVE_MUTEXES
FREERTOS.Tasks01=Task001,0,512,StartTask001,Default,NULL,Dynamic,NULL,NULL;TaskCmd,0,512,StartTaskCmd,Default,NULL,Dynamic,NULL,NULL
FREERTOS.configGENERATE_RUN_TIME_STATS=1
FREERTOS.configTOTAL_HEAP_SIZE=12288
FREERTOS.configUSE_RECURSIVE_MUTEXES=1
FREERTOS.configUSE_STATS_FORMATTING_FUNCTIONS=1
FREERTOS.configUSE_TRACE_FACILITY=1
FSMC.AddressSetupTime1=2
FSMC.BusTurnAroundDuration1=0
FSMC.DataSetupTime1=5
FSMC.IPParameters=AddressSetupTime1,DataSetupTime1,BusTurnAroundDuration1
File.Version=6
I2S2.AudioFreq=I2S_AUDIOFREQ_48K
I2S2.ErrorAudioFreq=0.0 %
I2S2.IPParameters=Instance,VirtualMode,RealAudioFreq,ErrorAudioFreq,AudioFreq,MCLKOutput
I2S2.Instance=SPI$Index
I2S2.MCLKOutput=I2S_MCLKOUTPUT_ENABLE
I2S2.RealAudioFreq=48.0 KHz
I2S2.VirtualMode=I2S_MODE_MASTER
KeepUserPlacement=false
Mcu.Family=STM32F1
Mcu.IP0=ADC1
Mcu.IP1=DMA
Mcu.IP10=TIM1
Mcu.IP11=TIM2
Mcu.IP12=USB
Mcu.IP13=USB_DEVICE
Mcu.IP2=FATFS
Mcu.IP3=FREERTOS
Mcu.IP4=FSMC
Mcu.IP5=I2S2
Mcu.IP6=NVIC
Mcu.IP7=RCC
Mcu.IP8=SPI1
Mcu.IP9=SYS
Mcu.IPNb=14
Mcu.Name=STM32F103V(C-D-E)Tx
Mcu.Package=LQFP100
Mcu.Pin0=OSC_IN
Mcu.Pin1=OSC_OUT
Mcu.Pin10=PE13
Mcu.Pin11=PE14
Mcu.Pin12=PE15
Mcu.Pin13=PB11
Mcu.Pin14=PB12
Mcu.Pin15=PB13
Mcu.Pin16=PB15
Mcu.Pin17=PD8
Mcu.Pin18=PD9
Mcu.Pin19=PD10
Mcu.Pin2=PC0
Mcu.Pin20=PD11
Mcu.Pin21=PD13
Mcu.Pin22=PD14
Mcu.Pin23=PD15
Mcu.Pin24=PC6
Mcu.Pin25=PC7
Mcu.Pin26=PC8
Mcu.Pin27=PC9
Mcu.Pin28=PA8
Mcu.Pin29=PA10
Mcu.Pin3=PA2
Mcu.Pin30=PA11
Mcu.Pin31=PA12
Mcu.Pin32=PA13
Mcu.Pin33=PA14
Mcu.Pin34=PD0
Mcu.Pin35=PD1
Mcu.Pin36=PD3
Mcu.Pin37=PD4
Mcu.Pin38=PD5
Mcu.Pin39=PD6
Mcu.Pin4=PE7
Mcu.Pin40=PD7
Mcu.Pin41=PB3
Mcu.Pin42=PB4
Mcu.Pin43=PB5
Mcu.Pin44=PB6
Mcu.Pin45=PE1
Mcu.Pin46=VP_FATFS_VS_Generic
Mcu.Pin47=VP_FREERTOS_VS_ENABLE
Mcu.Pin48=VP_SYS_VS_tim4
Mcu.Pin49=VP_USB_DEVICE_VS_USB_DEVICE_CDC_FS
Mcu.Pin5=PE8
Mcu.Pin6=PE9
Mcu.Pin7=PE10
Mcu.Pin8=PE11
Mcu.Pin9=PE12
Mcu.PinsNb=50
Mcu.ThirdPartyNb=0
Mcu.UserConstants=
Mcu.UserName=STM32F103VETx
MxCube.Version=4.27.0
MxDb.Version=DB.4.0.270
NVIC.BusFault_IRQn=true\:0\:0\:false\:false\:true\:false\:false
NVIC.DMA1_Channel4_IRQn=true\:5\:0\:false\:false\:true\:true\:false
NVIC.DebugMonitor_IRQn=true\:0\:0\:false\:false\:true\:false\:false
NVIC.EXTI9_5_IRQn=true\:5\:0\:false\:false\:true\:true\:true
NVIC.HardFault_IRQn=true\:0\:0\:false\:false\:true\:false\:false
NVIC.MemoryManagement_IRQn=true\:0\:0\:false\:false\:true\:false\:false
NVIC.NonMaskableInt_IRQn=true\:0\:0\:false\:false\:true\:false\:false
NVIC.PendSV_IRQn=true\:15\:0\:false\:false\:false\:true\:false
NVIC.PriorityGroup=NVIC_PRIORITYGROUP_4
NVIC.SVCall_IRQn=true\:0\:0\:false\:false\:false\:false\:false
NVIC.SysTick_IRQn=true\:15\:0\:false\:false\:true\:true\:false
NVIC.TIM4_IRQn=true\:0\:0\:false\:false\:true\:false\:false
NVIC.TimeBase=TIM4_IRQn
NVIC.TimeBaseIP=TIM4
NVIC.USB_LP_CAN1_RX0_IRQn=true\:5\:0\:false\:false\:true\:true\:false
NVIC.UsageFault_IRQn=true\:0\:0\:false\:false\:true\:false\:false
OSC_IN.Locked=true
OSC_IN.Mode=HSE-External-Oscillator
OSC_IN.Signal=RCC_OSC_IN
OSC_OUT.Locked=true
OSC_OUT.Mode=HSE-External-Oscillator
OSC_OUT.Signal=RCC_OSC_OUT
PA10.GPIOParameters=GPIO_Label
PA10.GPIO_Label=BEEP
PA10.Locked=true
PA10.Signal=S_TIM1_CH3
PA11.Locked=true
PA11.Mode=Device
PA11.Signal=USB_DM
PA12.Locked=true
PA12.Mode=Device
PA12.Signal=USB_DP
PA13.Locked=true
PA13.Mode=Serial_Wire
PA13.Signal=SYS_JTMS-SWDIO
PA14.Locked=true
PA14.Mode=Serial_Wire
PA14.Signal=SYS_JTCK-SWCLK
PA2.GPIOParameters=GPIO_Label
PA2.GPIO_Label=LED_PWM
PA2.Locked=true
PA2.Signal=S_TIM2_CH3
PA8.GPIOParameters=GPIO_Label
PA8.GPIO_Label=LED1
PA8.Locked=true
PA8.Signal=GPIO_Output
PB11.GPIOParameters=GPIO_Label
PB11.GPIO_Label=AIC_RST
PB11.Locked=true
PB11.Signal=GPIO_Output
PB12.GPIOParameters=GPIO_Label
PB12.GPIO_Label=I2S_WCLK
PB12.Locked=true
PB12.Mode=Half_Duplex_Master_RX
PB12.Signal=I2S2_WS
PB13.GPIOParameters=GPIO_Label
PB13.GPIO_Label=I2S_BCLK
PB13.Locked=true
PB13.Mode=Half_Duplex_Master_RX
PB13.Signal=I2S2_CK
PB15.GPIOParameters=GPIO_Label
PB15.GPIO_Label=I2S_DOUT
PB15.Locked=true
PB15.Mode=Half_Duplex_Master_RX
PB15.Signal=I2S2_SD
PB3.GPIOParameters=GPIO_Label
PB3.GPIO_Label=SPI_SCK
PB3.Locked=true
PB3.Mode=Full_Duplex_Master
PB3.Signal=SPI1_SCK
PB4.GPIOParameters=GPIO_Label
PB4.GPIO_Label=SPI_MISO
PB4.Locked=true
PB4.Mode=Full_Duplex_Master
PB4.Signal=SPI1_MISO
PB5.GPIOParameters=GPIO_Label
PB5.GPIO_Label=SPI_MOSI
PB5.Locked=true
PB5.Mode=Full_Duplex_Master
PB5.Signal=SPI1_MOSI
PB6.GPIOParameters=GPIO_PuPd,GPIO_Label,GPIO_ModeDefaultEXTI
PB6.GPIO_Label=TP_IRQ
PB6.GPIO_ModeDefaultEXTI=GPIO_MODE_IT_FALLING
PB6.GPIO_PuPd=GPIO_PULLUP
PB6.Locked=true
PB6.Signal=GPXTI6
PC0.GPIOParameters=GPIO_Label
PC0.GPIO_Label=BAT_ADC
PC0.Locked=true
PC0.Signal=ADCx_IN10
PC6.Locked=true
PC6.Mode=Master_Clock_Activated
PC6.Signal=I2S2_MCK
PC7.GPIOParameters=GPIO_PuPd,GPIO_Label
PC7.GPIO_Label=K_UP
PC7.GPIO_PuPd=GPIO_PULLDOWN
PC7.Locked=true
PC7.Signal=GPXTI7
PC8.GPIOParameters=GPIO_PuPd,GPIO_Label
PC8.GPIO_Label=K_PUSH
PC8.GPIO_PuPd=GPIO_PULLDOWN
PC8.Locked=true
PC8.Signal=GPXTI8
PC9.GPIOParameters=GPIO_PuPd,GPIO_Label
PC9.GPIO_Label=K_DOWN
PC9.GPIO_PuPd=GPIO_PULLDOWN
PC9.Locked=true
PC9.Signal=GPXTI9
PCC.Checker=false
PCC.Line=STM32F103
PCC.MCU=STM32F103V(C-D-E)Tx
PCC.PartNumber=STM32F103VETx
PCC.Seq0=0
PCC.Series=STM32F1
PCC.Temperature=25
PCC.Vdd=3.3
PD0.Locked=true
PD0.Mode=16b-d1
PD0.Signal=FSMC_D2
PD1.Locked=true
PD1.Mode=16b-d1
PD1.Signal=FSMC_D3
PD10.Locked=true
PD10.Mode=16b-d1
PD10.Signal=FSMC_D15
PD11.Locked=true
PD11.Mode=A16_1
PD11.Signal=FSMC_A16
PD13.GPIOParameters=GPIO_Label
PD13.GPIO_Label=LCD_RST
PD13.Locked=true
PD13.Signal=GPIO_Output
PD14.Locked=true
PD14.Mode=16b-d1
PD14.Signal=FSMC_D0
PD15.Locked=true
PD15.Mode=16b-d1
PD15.Signal=FSMC_D1
PD3.GPIOParameters=GPIO_Label
PD3.GPIO_Label=TP_BUSY
PD3.Locked=true
PD3.Signal=GPIO_Input
PD4.Locked=true
PD4.Mode=Lcd1
PD4.Signal=FSMC_NOE
PD5.Locked=true
PD5.Mode=Lcd1
PD5.Signal=FSMC_NWE
PD6.GPIOParameters=PinState,GPIO_Label
PD6.GPIO_Label=SPI_CS0
PD6.Locked=true
PD6.PinState=GPIO_PIN_SET
PD6.Signal=GPIO_Output
PD7.Locked=true
PD7.Mode=NorPsramChipSelect1_1
PD7.Signal=FSMC_NE1
PD8.Locked=true
PD8.Mode=16b-d1
PD8.Signal=FSMC_D13
PD9.Locked=true
PD9.Mode=16b-d1
PD9.Signal=FSMC_D14
PE1.GPIOParameters=PinState,GPIO_Label
PE1.GPIO_Label=SPI_CS1
PE1.Locked=true
PE1.PinState=GPIO_PIN_SET
PE1.Signal=GPIO_Output
PE10.Locked=true
PE10.Mode=16b-d1
PE10.Signal=FSMC_D7
PE11.Locked=true
PE11.Mode=16b-d1
PE11.Signal=FSMC_D8
PE12.Locked=true
PE12.Mode=16b-d1
PE12.Signal=FSMC_D9
PE13.Locked=true
PE13.Mode=16b-d1
PE13.Signal=FSMC_D10
PE14.Locked=true
PE14.Mode=16b-d1
PE14.Signal=FSMC_D11
PE15.Locked=true
PE15.Mode=16b-d1
PE15.Signal=FSMC_D12
PE7.Locked=true
PE7.Mode=16b-d1
PE7.Signal=FSMC_D4
PE8.Locked=true
PE8.Mode=16b-d1
PE8.Signal=FSMC_D5
PE9.Locked=true
PE9.Mode=16b-d1
PE9.Signal=FSMC_D6
PinOutPanel.RotationAngle=0
ProjectManager.AskForMigrate=true
ProjectManager.BackupPrevious=false
ProjectManager.CompilerOptimize=6
ProjectManager.ComputerToolchain=false
ProjectManager.CoupleFile=false
ProjectManager.CustomerFirmwarePackage=
ProjectManager.DefaultFWLocation=true
ProjectManager.DeletePrevious=true
ProjectManager.DeviceId=STM32F103VETx
ProjectManager.FirmwarePackage=STM32Cube FW_F1 V1.6.1
ProjectManager.FreePins=false
ProjectManager.HalAssertFull=false
ProjectManager.HeapSize=0x1000
ProjectManager.KeepUserCode=true
ProjectManager.LastFirmware=true
ProjectManager.LibraryCopy=2
ProjectManager.MainLocation=Src
ProjectManager.NoMain=false
ProjectManager.PreviousToolchain=
ProjectManager.ProjectBuild=false
ProjectManager.ProjectFileName=NanoVNA-F.ioc
ProjectManager.ProjectName=NanoVNA-F
ProjectManager.StackSize=0x1000
ProjectManager.TargetToolchain=MDK-ARM V5
ProjectManager.ToolChainLocation=
ProjectManager.UnderRoot=false
ProjectManager.functionlistsort=1-MX_GPIO_Init-GPIO-false-HAL-true,2-MX_DMA_Init-DMA-false-HAL-true,3-SystemClock_Config-RCC-false-HAL-false,4-MX_FSMC_Init-FSMC-false-HAL-true,5-MX_USB_DEVICE_Init-USB_DEVICE-true-HAL-true,6-MX_I2S2_Init-I2S2-false-HAL-true,7-MX_TIM1_Init-TIM1-false-HAL-true,8-MX_SPI1_Init-SPI1-false-HAL-true,9-MX_ADC1_Init-ADC1-false-HAL-true,10-MX_FATFS_Init-FATFS-false-HAL-true,11-MX_TIM2_Init-TIM2-false-HAL-true
RCC.ADCFreqValue=4608000
RCC.ADCPresc=RCC_ADCPCLK2_DIV8
RCC.AHBFreq_Value=73728000
RCC.APB1CLKDivider=RCC_HCLK_DIV2
RCC.APB1Freq_Value=36864000
RCC.APB1TimFreq_Value=73728000
RCC.APB2CLKDivider=RCC_HCLK_DIV2
RCC.APB2Freq_Value=36864000
RCC.APB2TimFreq_Value=73728000
RCC.FCLKCortexFreq_Value=73728000
RCC.FSMCFreq_Value=73728000
RCC.FamilyName=M
RCC.HCLKFreq_Value=73728000
RCC.HSE_Timout=5000
RCC.HSE_VALUE=12288000
RCC.I2S2Freq_Value=73728000
RCC.I2S3Freq_Value=73728000
RCC.IPParameters=ADCFreqValue,ADCPresc,AHBFreq_Value,APB1CLKDivider,APB1Freq_Value,APB1TimFreq_Value,APB2CLKDivider,APB2Freq_Value,APB2TimFreq_Value,FCLKCortexFreq_Value,FSMCFreq_Value,FamilyName,HCLKFreq_Value,HSE_Timout,HSE_VALUE,I2S2Freq_Value,I2S3Freq_Value,MCOFreq_Value,PLLCLKFreq_Value,PLLMCOFreq_Value,PLLMUL,SDIOFreq_Value,SDIOHCLKDiv2FreqValue,SYSCLKFreq_VALUE,SYSCLKSource,TimSysFreq_Value,USBFreq_Value,USBPrescaler,VCOOutput2Freq_Value
RCC.MCOFreq_Value=73728000
RCC.PLLCLKFreq_Value=73728000
RCC.PLLMCOFreq_Value=36864000
RCC.PLLMUL=RCC_PLL_MUL6
RCC.SDIOFreq_Value=73728000
RCC.SDIOHCLKDiv2FreqValue=36864000
RCC.SYSCLKFreq_VALUE=73728000
RCC.SYSCLKSource=RCC_SYSCLKSOURCE_PLLCLK
RCC.TimSysFreq_Value=73728000
RCC.USBFreq_Value=49152000
RCC.USBPrescaler=RCC_USBCLKSOURCE_PLL_DIV1_5
RCC.VCOOutput2Freq_Value=12288000
SH.ADCx_IN10.0=ADC1_IN10,IN10
SH.ADCx_IN10.ConfNb=1
SH.GPXTI6.0=GPIO_EXTI6
SH.GPXTI6.ConfNb=1
SH.GPXTI7.0=GPIO_EXTI7
SH.GPXTI7.ConfNb=1
SH.GPXTI8.0=GPIO_EXTI8
SH.GPXTI8.ConfNb=1
SH.GPXTI9.0=GPIO_EXTI9
SH.GPXTI9.ConfNb=1
SH.S_TIM1_CH3.0=TIM1_CH3,PWM Generation3 CH3
SH.S_TIM1_CH3.ConfNb=1
SH.S_TIM2_CH3.0=TIM2_CH3,PWM Generation3 CH3
SH.S_TIM2_CH3.ConfNb=1
SPI1.BaudRatePrescaler=SPI_BAUDRATEPRESCALER_64
SPI1.CRCCalculation=SPI_CRCCALCULATION_DISABLE
SPI1.CalculateBaudRate=576.0 KBits/s
SPI1.Direction=SPI_DIRECTION_2LINES
SPI1.IPParameters=VirtualType,Mode,Direction,CalculateBaudRate,BaudRatePrescaler,CRCCalculation
SPI1.Mode=SPI_MODE_MASTER
SPI1.VirtualType=VM_MASTER
TIM1.Channel-PWM\ Generation3\ CH3=TIM_CHANNEL_3
TIM1.IPParameters=Prescaler,Period,Channel-PWM Generation3 CH3,Pulse-PWM Generation3 CH3
TIM1.Period=369
TIM1.Prescaler=71
TIM1.Pulse-PWM\ Generation3\ CH3=185
TIM2.Channel-PWM\ Generation3\ CH3=TIM_CHANNEL_3
TIM2.IPParameters=Channel-PWM Generation3 CH3,Prescaler,Period,Pulse-PWM Generation3 CH3
TIM2.Period=1999
TIM2.Prescaler=71
TIM2.Pulse-PWM\ Generation3\ CH3=1000
USB.IPParameters=ep0_mps
USB.ep0_mps=DEP0CTL_MPS_64
USB_DEVICE.CLASS_NAME_FS=CDC
USB_DEVICE.IPParameters=VirtualMode,VirtualModeFS,CLASS_NAME_FS,MANUFACTURER_STRING,PRODUCT_STRING_CDC_FS
USB_DEVICE.MANUFACTURER_STRING=SYSJOINT
USB_DEVICE.PRODUCT_STRING_CDC_FS=NanoVnaPro Virtual ComPort
USB_DEVICE.VirtualMode=Cdc
USB_DEVICE.VirtualModeFS=Cdc_FS
VP_FATFS_VS_Generic.Mode=User_defined
VP_FATFS_VS_Generic.Signal=FATFS_VS_Generic
VP_FREERTOS_VS_ENABLE.Mode=Enabled
VP_FREERTOS_VS_ENABLE.Signal=FREERTOS_VS_ENABLE
VP_SYS_VS_tim4.Mode=TIM4
VP_SYS_VS_tim4.Signal=SYS_VS_tim4
VP_USB_DEVICE_VS_USB_DEVICE_CDC_FS.Mode=CDC_FS
VP_USB_DEVICE_VS_USB_DEVICE_CDC_FS.Signal=USB_DEVICE_VS_USB_DEVICE_CDC_FS
board=custom
